# THIS IS AN AUTOGENERATED FILE. DO NOT EDIT THIS FILE DIRECTLY.
# yarn lockfile v1


bootstrap@^4.3.1:
  version "4.3.1"
  resolved "https://registry.yarnpkg.com/bootstrap/-/bootstrap-4.3.1.tgz#280ca8f610504d99d7b6b4bfc4b68cec601704ac"
  integrity sha512-rXqOmH1VilAt2DyPzluTi2blhk17bO7ef+zLLPlWvG494pDxcM234pJ8wTc/6R40UWizAIIMgxjvxZg5kmsbag==

gquery@^0.1.0:
  version "0.1.0"
  resolved "https://registry.yarnpkg.com/gquery/-/gquery-0.1.0.tgz#19c3a3adcf4e7b998b43c91ce05c8306155f7646"
  integrity sha1-GcOjrc9Oe5mLQ8kc4FyDBhVfdkY=
  dependencies:
    lazy.js ">= 0.3.2"

jquery@^3.3.1:
  version "3.3.1"
  resolved "https://registry.yarnpkg.com/jquery/-/jquery-3.3.1.tgz#958ce29e81c9790f31be7792df5d4d95fc57fbca"
  integrity sha512-Ubldcmxp5np52/ENotGxlLe6aGMvmF4R8S6tZjsP6Knsaxd/xp3Zrh50cG93lR6nPXyUFwzN3ZSOQI0wRJNdGg==

"lazy.js@>= 0.3.2":
  version "0.5.1"
  resolved "https://registry.yarnpkg.com/lazy.js/-/lazy.js-0.5.1.tgz#9f05c27f42c66ae7f41814c9674d105efcbc432f"
  integrity sha512-p9v24vaKrzS2mEx3yuzva/3M6I3+HwvXd0pB1Xf/IvsFIMdhQgmym7JBO0e7c0OZmKTo07sCuiCIm6jazSWFNw==
